// !$*UTF8*$!
{
	archiveVersion = 1;
	classes = {
	};
	objectVersion = 46;
	objects = {

/* Begin PBXBuildFile section */
		4108951A1CED715400D5E2F3 /* AppDelegate.swift in Sources */ = {isa = PBXBuildFile; fileRef = 410895191CED715400D5E2F3 /* AppDelegate.swift */; };
		4108951C1CED715400D5E2F3 /* ViewController.swift in Sources */ = {isa = PBXBuildFile; fileRef = 4108951B1CED715400D5E2F3 /* ViewController.swift */; };
		4108951F1CED715400D5E2F3 /* Main.storyboard in Resources */ = {isa = PBXBuildFile; fileRef = 4108951D1CED715400D5E2F3 /* Main.storyboard */; };
		410895211CED715400D5E2F3 /* Assets.xcassets in Resources */ = {isa = PBXBuildFile; fileRef = 410895201CED715400D5E2F3 /* Assets.xcassets */; };
		410895241CED715400D5E2F3 /* LaunchScreen.storyboard in Resources */ = {isa = PBXBuildFile; fileRef = 410895221CED715400D5E2F3 /* LaunchScreen.storyboard */; };
		4108952F1CED715400D5E2F3 /* DemoTests.swift in Sources */ = {isa = PBXBuildFile; fileRef = 4108952E1CED715400D5E2F3 /* DemoTests.swift */; };
		4108953A1CED715400D5E2F3 /* DemoUITests.swift in Sources */ = {isa = PBXBuildFile; fileRef = 410895391CED715400D5E2F3 /* DemoUITests.swift */; };
		410895481CED716600D5E2F3 /* EasySlider.swift in Sources */ = {isa = PBXBuildFile; fileRef = 410895471CED716600D5E2F3 /* EasySlider.swift */; };
/* End PBXBuildFile section */

/* Begin PBXContainerItemProxy section */
		4108952B1CED715400D5E2F3 /* PBXContainerItemProxy */ = {
			isa = PBXContainerItemProxy;
			containerPortal = 4108950E1CED715400D5E2F3 /* Project object */;
			proxyType = 1;
			remoteGlobalIDString = 410895151CED715400D5E2F3;
			remoteInfo = Demo;
		};
		410895361CED715400D5E2F3 /* PBXContainerItemProxy */ = {
			isa = PBXContainerItemProxy;
			containerPortal = 4108950E1CED715400D5E2F3 /* Project object */;
			proxyType = 1;
			remoteGlobalIDString = 410895151CED715400D5E2F3;
			remoteInfo = Demo;
		};
/* End PBXContainerItemProxy section */

/* Begin PBXFileReference section */
		410895161CED715400D5E2F3 /* Demo.app */ = {isa = PBXFileReference; explicitFileType = wrapper.application; includeInIndex = 0; path = Demo.app; sourceTree = BUILT_PRODUCTS_DIR; };
		410895191CED715400D5E2F3 /* AppDelegate.swift */ = {isa = PBXFileReference; lastKnownFileType = sourcecode.swift; path = AppDelegate.swift; sourceTree = "<group>"; };
		4108951B1CED715400D5E2F3 /* ViewController.swift */ = {isa = PBXFileReference; lastKnownFileType = sourcecode.swift; path = ViewController.swift; sourceTree = "<group>"; };
		4108951E1CED715400D5E2F3 /* Base */ = {isa = PBXFileReference; lastKnownFileType = file.storyboard; name = Base; path = Base.lproj/Main.storyboard; sourceTree = "<group>"; };
		410895201CED715400D5E2F3 /* Assets.xcassets */ = {isa = PBXFileReference; lastKnownFileType = folder.assetcatalog; path = Assets.xcassets; sourceTree = "<group>"; };
		410895231CED715400D5E2F3 /* Base */ = {isa = PBXFileReference; lastKnownFileType = file.storyboard; name = Base; path = Base.lproj/LaunchScreen.storyboard; sourceTree = "<group>"; };
		410895251CED715400D5E2F3 /* Info.plist */ = {isa = PBXFileReference; lastKnownFileType = text.plist.xml; path = Info.plist; sourceTree = "<group>"; };
		4108952A1CED715400D5E2F3 /* DemoTests.xctest */ = {isa = PBXFileReference; explicitFileType = wrapper.cfbundle; includeInIndex = 0; path = DemoTests.xctest; sourceTree = BUILT_PRODUCTS_DIR; };
		4108952E1CED715400D5E2F3 /* DemoTests.swift */ = {isa = PBXFileReference; lastKnownFileType = sourcecode.swift; path = DemoTests.swift; sourceTree = "<group>"; };
		410895301CED715400D5E2F3 /* Info.plist */ = {isa = PBXFileReference; lastKnownFileType = text.plist.xml; path = Info.plist; sourceTree = "<group>"; };
		410895351CED715400D5E2F3 /* DemoUITests.xctest */ = {isa = PBXFileReference; explicitFileType = wrapper.cfbundle; includeInIndex = 0; path = DemoUITests.xctest; sourceTree = BUILT_PRODUCTS_DIR; };
		410895391CED715400D5E2F3 /* DemoUITests.swift */ = {isa = PBXFileReference; lastKnownFileType = sourcecode.swift; path = DemoUITests.swift; sourceTree = "<group>"; };
		4108953B1CED715400D5E2F3 /* Info.plist */ = {isa = PBXFileReference; lastKnownFileType = text.plist.xml; path = Info.plist; sourceTree = "<group>"; };
		410895471CED716600D5E2F3 /* EasySlider.swift */ = {isa = PBXFileReference; fileEncoding = 4; lastKnownFileType = sourcecode.swift; name = EasySlider.swift; path = ../EasySlider.swift; sourceTree = "<group>"; };
/* End PBXFileReference section */

/* Begin PBXFrameworksBuildPhase section */
		410895131CED715400D5E2F3 /* Frameworks */ = {
			isa = PBXFrameworksBuildPhase;
			buildActionMask = 2147483647;
			files = (
			);
			runOnlyForDeploymentPostprocessing = 0;
		};
		410895271CED715400D5E2F3 /* Frameworks */ = {
			isa = PBXFrameworksBuildPhase;
			buildActionMask = 2147483647;
			files = (
			);
			runOnlyForDeploymentPostprocessing = 0;
		};
		410895321CED715400D5E2F3 /* Frameworks */ = {
			isa = PBXFrameworksBuildPhase;
			buildActionMask = 2147483647;
			files = (
			);
			runOnlyForDeploymentPostprocessing = 0;
		};
/* End PBXFrameworksBuildPhase section */

/* Begin PBXGroup section */
		4108950D1CED715400D5E2F3 = {
			isa = PBXGroup;
			children = (
				410895471CED716600D5E2F3 /* EasySlider.swift */,
				410895181CED715400D5E2F3 /* Demo */,
				4108952D1CED715400D5E2F3 /* DemoTests */,
				410895381CED715400D5E2F3 /* DemoUITests */,
				410895171CED715400D5E2F3 /* Products */,
			);
			sourceTree = "<group>";
		};
		410895171CED715400D5E2F3 /* Products */ = {
			isa = PBXGroup;
			children = (
				410895161CED715400D5E2F3 /* Demo.app */,
				4108952A1CED715400D5E2F3 /* DemoTests.xctest */,
				410895351CED715400D5E2F3 /* DemoUITests.xctest */,
			);
			name = Products;
			sourceTree = "<group>";
		};
		410895181CED715400D5E2F3 /* Demo */ = {
			isa = PBXGroup;
			children = (
				410895191CED715400D5E2F3 /* AppDelegate.swift */,
				4108951B1CED715400D5E2F3 /* ViewController.swift */,
				4108951D1CED715400D5E2F3 /* Main.storyboard */,
				410895201CED715400D5E2F3 /* Assets.xcassets */,
				410895221CED715400D5E2F3 /* LaunchScreen.storyboard */,
				410895251CED715400D5E2F3 /* Info.plist */,
			);
			path = Demo;
			sourceTree = "<group>";
		};
		4108952D1CED715400D5E2F3 /* DemoTests */ = {
			isa = PBXGroup;
			children = (
				4108952E1CED715400D5E2F3 /* DemoTests.swift */,
				410895301CED715400D5E2F3 /* Info.plist */,
			);
			path = DemoTests;
			sourceTree = "<group>";
		};
		410895381CED715400D5E2F3 /* DemoUITests */ = {
			isa = PBXGroup;
			children = (
				410895391CED715400D5E2F3 /* DemoUITests.swift */,
				4108953B1CED715400D5E2F3 /* Info.plist */,
			);
			path = DemoUITests;
			sourceTree = "<group>";
		};
/* End PBXGroup section */

/* Begin PBXNativeTarget section */
		410895151CED715400D5E2F3 /* Demo */ = {
			isa = PBXNativeTarget;
			buildConfigurationList = 4108953E1CED715400D5E2F3 /* Build configuration list for PBXNativeTarget "Demo" */;
			buildPhases = (
				410895121CED715400D5E2F3 /* Sources */,
				410895131CED715400D5E2F3 /* Frameworks */,
				410895141CED715400D5E2F3 /* Resources */,
			);
			buildRules = (
			);
			dependencies = (
			);
			name = Demo;
			productName = Demo;
			productReference = 410895161CED715400D5E2F3 /* Demo.app */;
			productType = "com.apple.product-type.application";
		};
		410895291CED715400D5E2F3 /* DemoTests */ = {
			isa = PBXNativeTarget;
			buildConfigurationList = 410895411CED715400D5E2F3 /* Build configuration list for PBXNativeTarget "DemoTests" */;
			buildPhases = (
				410895261CED715400D5E2F3 /* Sources */,
				410895271CED715400D5E2F3 /* Frameworks */,
				410895281CED715400D5E2F3 /* Resources */,
			);
			buildRules = (
			);
			dependencies = (
				4108952C1CED715400D5E2F3 /* PBXTargetDependency */,
			);
			name = DemoTests;
			productName = DemoTests;
			productReference = 4108952A1CED715400D5E2F3 /* DemoTests.xctest */;
			productType = "com.apple.product-type.bundle.unit-test";
		};
		410895341CED715400D5E2F3 /* DemoUITests */ = {
			isa = PBXNativeTarget;
			buildConfigurationList = 410895441CED715400D5E2F3 /* Build configuration list for PBXNativeTarget "DemoUITests" */;
			buildPhases = (
				410895311CED715400D5E2F3 /* Sources */,
				410895321CED715400D5E2F3 /* Frameworks */,
				410895331CED715400D5E2F3 /* Resources */,
			);
			buildRules = (
			);
			dependencies = (
				410895371CED715400D5E2F3 /* PBXTargetDependency */,
			);
			name = DemoUITests;
			productName = DemoUITests;
			productReference = 410895351CED715400D5E2F3 /* DemoUITests.xctest */;
			productType = "com.apple.product-type.bundle.ui-testing";
		};
/* End PBXNativeTarget section */

/* Begin PBXProject section */
		4108950E1CED715400D5E2F3 /* Project object */ = {
			isa = PBXProject;
			attributes = {
				LastSwiftUpdateCheck = 0730;
				LastUpgradeCheck = 0730;
				ORGANIZATIONNAME = easymx;
				TargetAttributes = {
					410895151CED715400D5E2F3 = {
						CreatedOnToolsVersion = 7.3.1;
					};
					410895291CED715400D5E2F3 = {
						CreatedOnToolsVersion = 7.3.1;
						TestTargetID = 410895151CED715400D5E2F3;
					};
					410895341CED715400D5E2F3 = {
						CreatedOnToolsVersion = 7.3.1;
						TestTargetID = 410895151CED715400D5E2F3;
					};
				};
			};
			buildConfigurationList = 410895111CED715400D5E2F3 /* Build configuration list for PBXProject "Demo" */;
			compatibilityVersion = "Xcode 3.2";
			developmentRegion = English;
			hasScannedForEncodings = 0;
			knownRegions = (
				en,
				Base,
			);
			mainGroup = 4108950D1CED715400D5E2F3;
			productRefGroup = 410895171CED715400D5E2F3 /* Products */;
			projectDirPath = "";
			projectRoot = "";
			targets = (
				410895151CED715400D5E2F3 /* Demo */,
				410895291CED715400D5E2F3 /* DemoTests */,
				410895341CED715400D5E2F3 /* DemoUITests */,
			);
		};
/* End PBXProject section */

/* Begin PBXResourcesBuildPhase section */
		410895141CED715400D5E2F3 /* Resources */ = {
			isa = PBXResourcesBuildPhase;
			buildActionMask = 2147483647;
			files = (
				410895241CED715400D5E2F3 /* LaunchScreen.storyboard in Resources */,
				410895211CED715400D5E2F3 /* Assets.xcassets in Resources */,
				4108951F1CED715400D5E2F3 /* Main.storyboard in Resources */,
			);
			runOnlyForDeploymentPostprocessing = 0;
		};
		410895281CED715400D5E2F3 /* Resources */ = {
			isa = PBXResourcesBuildPhase;
			buildActionMask = 2147483647;
			files = (
			);
			runOnlyForDeploymentPostprocessing = 0;
		};
		410895331CED715400D5E2F3 /* Resources */ = {
			isa = PBXResourcesBuildPhase;
			buildActionMask = 2147483647;
			files = (
			);
			runOnlyForDeploymentPostprocessing = 0;
		};
/* End PBXResourcesBuildPhase section */

/* Begin PBXSourcesBuildPhase section */
		410895121CED715400D5E2F3 /* Sources */ = {
			isa = PBXSourcesBuildPhase;
			buildActionMask = 2147483647;
			files = (
				4108951C1CED715400D5E2F3 /* ViewController.swift in Sources */,
				410895481CED716600D5E2F3 /* EasySlider.swift in Sources */,
				4108951A1CED715400D5E2F3 /* AppDelegate.swift in Sources */,
			);
			runOnlyForDeploymentPostprocessing = 0;
		};
		410895261CED715400D5E2F3 /* Sources */ = {
			isa = PBXSourcesBuildPhase;
			buildActionMask = 2147483647;
			files = (
				4108952F1CED715400D5E2F3 /* DemoTests.swift in Sources */,
			);
			runOnlyForDeploymentPostprocessing = 0;
		};
		410895311CED715400D5E2F3 /* Sources */ = {
			isa = PBXSourcesBuildPhase;
			buildActionMask = 2147483647;
			files = (
				4108953A1CED715400D5E2F3 /* DemoUITests.swift in Sources */,
			);
			runOnlyForDeploymentPostprocessing = 0;
		};
/* End PBXSourcesBuildPhase section */

/* Begin PBXTargetDependency section */
		4108952C1CED715400D5E2F3 /* PBXTargetDependency */ = {
			isa = PBXTargetDependency;
			target = 410895151CED715400D5E2F3 /* Demo */;
			targetProxy = 4108952B1CED715400D5E2F3 /* PBXContainerItemProxy */;
		};
		410895371CED715400D5E2F3 /* PBXTargetDependency */ = {
			isa = PBXTargetDependency;
			target = 410895151CED715400D5E2F3 /* Demo */;
			targetProxy = 410895361CED715400D5E2F3 /* PBXContainerItemProxy */;
		};
/* End PBXTargetDependency section */

/* Begin PBXVariantGroup section */
		4108951D1CED715400D5E2F3 /* Main.storyboard */ = {
			isa = PBXVariantGroup;
			children = (
				4108951E1CED715400D5E2F3 /* Base */,
			);
			name = Main.storyboard;
			sourceTree = "<group>";
		};
		410895221CED715400D5E2F3 /* LaunchScreen.storyboard */ = {
			isa = PBXVariantGroup;
			children = (
				410895231CED715400D5E2F3 /* Base */,
			);
			name = LaunchScreen.storyboard;
			sourceTree = "<group>";
		};
/* End PBXVariantGroup section */

/* Begin XCBuildConfiguration section */
		4108953C1CED715400D5E2F3 /* Debug */ = {
			isa = XCBuildConfiguration;
			buildSettings = {
				ALWAYS_SEARCH_USER_PATHS = NO;
				CLANG_ANALYZER_NONNULL = YES;
				CLANG_CXX_LANGUAGE_STANDARD = "gnu++0x";
				CLANG_CXX_LIBRARY = "libc++";
				CLANG_ENABLE_MODULES = YES;
				CLANG_ENABLE_OBJC_ARC = YES;
				CLANG_WARN_BOOL_CONVERSION = YES;
				CLANG_WARN_CONSTANT_CONVERSION = YES;
				CLANG_WARN_DIRECT_OBJC_ISA_USAGE = YES_ERROR;
				CLANG_WARN_EMPTY_BODY = YES;
				CLANG_WARN_ENUM_CONVERSION = YES;
				CLANG_WARN_INT_CONVERSION = YES;
				CLANG_WARN_OBJC_ROOT_CLASS = YES_ERROR;
				CLANG_WARN_UNREACHABLE_CODE = YES;
				CLANG_WARN__DUPLICATE_METHOD_MATCH = YES;
				"CODE_SIGN_IDENTITY[sdk=iphoneos*]" = "iPhone Developer";
				COPY_PHASE_STRIP = NO;
				DEBUG_INFORMATION_FORMAT = dwarf;
				ENABLE_STRICT_OBJC_MSGSEND = YES;
				ENABLE_TESTABILITY = YES;
				GCC_C_LANGUAGE_STANDARD = gnu99;
				GCC_DYNAMIC_NO_PIC = NO;
				GCC_NO_COMMON_BLOCKS = YES;
				GCC_OPTIMIZATION_LEVEL = 0;
				GCC_PREPROCESSOR_DEFINITIONS = (
					"DEBUG=1",
					"$(inherited)",
				);
				GCC_WARN_64_TO_32_BIT_CONVERSION = YES;
				GCC_WARN_ABOUT_RETURN_TYPE = YES_ERROR;
				GCC_WARN_UNDECLARED_SELECTOR = YES;
				GCC_WARN_UNINITIALIZED_AUTOS = YES_AGGRESSIVE;
				GCC_WARN_UNUSED_FUNCTION = YES;
				GCC_WARN_UNUSED_VARIABLE = YES;
				IPHONEOS_DEPLOYMENT_TARGET = 9.3;
				MTL_ENABLE_DEBUG_INFO = YES;
				ONLY_ACTIVE_ARCH = YES;
				SDKROOT = iphoneos;
				SWIFT_OPTIMIZATION_LEVEL = "-Onone";
			};
			name = Debug;
		};
		4108953D1CED715400D5E2F3 /* Release */ = {
			isa = XCBuildConfiguration;
			buildSettings = {
				ALWAYS_SEARCH_USER_PATHS = NO;
				CLANG_ANALYZER_NONNULL = YES;
				CLANG_CXX_LANGUAGE_STANDARD = "gnu++0x";
				CLANG_CXX_LIBRARY = "libc++";
				CLANG_ENABLE_MODULES = YES;
				CLANG_ENABLE_OBJC_ARC = YES;
				CLANG_WARN_BOOL_CONVERSION = YES;
				CLANG_WARN_CONSTANT_CONVERSION = YES;
				CLANG_WARN_DIRECT_OBJC_ISA_USAGE = YES_ERROR;
				CLANG_WARN_EMPTY_BODY = YES;
				CLANG_WARN_ENUM_CONVERSION = YES;
				CLANG_WARN_INT_CONVERSION = YES;
				CLANG_WARN_OBJC_ROOT_CLASS = YES_ERROR;
				CLANG_WARN_UNREACHABLE_CODE = YES;
				CLANG_WARN__DUPLICATE_METHOD_MATCH = YES;
				"CODE_SIGN_IDENTITY[sdk=iphoneos*]" = "iPhone Developer";
				COPY_PHASE_STRIP = NO;
				DEBUG_INFORMATION_FORMAT = "dwarf-with-dsym";
				ENABLE_NS_ASSERTIONS = NO;
				ENABLE_STRICT_OBJC_MSGSEND = YES;
				GCC_C_LANGUAGE_STANDARD = gnu99;
				GCC_NO_COMMON_BLOCKS = YES;
				GCC_WARN_64_TO_32_BIT_CONVERSION = YES;
				GCC_WARN_ABOUT_RETURN_TYPE = YES_ERROR;
				GCC_WARN_UNDECLARED_SELECTOR = YES;
				GCC_WARN_UNINITIALIZED_AUTOS = YES_AGGRESSIVE;
				GCC_WARN_UNUSED_FUNCTION = YES;
				GCC_WARN_UNUSED_VARIABLE = YES;
				IPHONEOS_DEPLOYMENT_TARGET = 9.3;
				MTL_ENABLE_DEBUG_INFO = NO;
				SDKROOT = iphoneos;
				VALIDATE_PRODUCT = YES;
			};
			name = Release;
		};
		4108953F1CED715400D5E2F3 /* Debug */ = {
			isa = XCBuildConfiguration;
			buildSettings = {
				ASSETCATALOG_COMPILER_APPICON_NAME = AppIcon;
				INFOPLIST_FILE = Demo/Info.plist;
				LD_RUNPATH_SEARCH_PATHS = "$(inherited) @executable_path/Frameworks";
				PRODUCT_BUNDLE_IDENTIFIER = com.easymx.Demo;
				PRODUCT_NAME = "$(TARGET_NAME)";
			};
			name = Debug;
		};
		410895401CED715400D5E2F3 /* Release */ = {
			isa = XCBuildConfiguration;
			buildSettings = {
				ASSETCATALOG_COMPILER_APPICON_NAME = AppIcon;
				INFOPLIST_FILE = Demo/Info.plist;
				LD_RUNPATH_SEARCH_PATHS = "$(inherited) @executable_path/Frameworks";
				PRODUCT_BUNDLE_IDENTIFIER = com.easymx.Demo;
				PRODUCT_NAME = "$(TARGET_NAME)";
			};
			name = Release;
		};
		410895421CED715400D5E2F3 /* Debug */ = {
			isa = XCBuildConfiguration;
			buildSettings = {
				BUNDLE_LOADER = "$(TEST_HOST)";
				INFOPLIST_FILE = DemoTests/Info.plist;
				LD_RUNPATH_SEARCH_PATHS = "$(inherited) @executable_path/Frameworks @loader_path/Frameworks";
				PRODUCT_BUNDLE_IDENTIFIER = com.easymx.DemoTests;
				PRODUCT_NAME = "$(TARGET_NAME)";
				TEST_HOST = "$(BUILT_PRODUCTS_DIR)/Demo.app/Demo";
			};
			name = Debug;
		};
		410895431CED715400D5E2F3 /* Release */ = {
			isa = XCBuildConfiguration;
			buildSettings = {
				BUNDLE_LOADER = "$(TEST_HOST)";
				INFOPLIST_FILE = DemoTests/Info.plist;
				LD_RUNPATH_SEARCH_PATHS = "$(inherited) @executable_path/Frameworks @loader_path/Frameworks";
				PRODUCT_BUNDLE_IDENTIFIER = com.easymx.DemoTests;
				PRODUCT_NAME = "$(TARGET_NAME)";
				TEST_HOST = "$(BUILT_PRODUCTS_DIR)/Demo.app/Demo";
			};
			name = Release;
		};
		410895451CED715400D5E2F3 /* Debug */ = {
			isa = XCBuildConfiguration;
			buildSettings = {
				INFOPLIST_FILE = DemoUITests/Info.plist;
				LD_RUNPATH_SEARCH_PATHS = "$(inherited) @executable_path/Frameworks @loader_path/Frameworks";
				PRODUCT_BUNDLE_IDENTIFIER = com.easymx.DemoUITests;
				PRODUCT_NAME = "$(TARGET_NAME)";
				TEST_TARGET_NAME = Demo;
			};
			name = Debug;
		};
		410895461CED715400D5E2F3 /* Release */ = {
			isa = XCBuildConfiguration;
			buildSettings = {
				INFOPLIST_FILE = DemoUITests/Info.plist;
				LD_RUNPATH_SEARCH_PATHS = "$(inherited) @executable_path/Frameworks @loader_path/Frameworks";
				PRODUCT_BUNDLE_IDENTIFIER = com.easymx.DemoUITests;
				PRODUCT_NAME = "$(TARGET_NAME)";
				TEST_TARGET_NAME = Demo;
			};
			name = Release;
		};
/* End XCBuildConfiguration section */

/* Begin XCConfigurationList section */
		410895111CED715400D5E2F3 /* Build configuration list for PBXProject "Demo" */ = {
			isa = XCConfigurationList;
			buildConfigurations = (
				4108953C1CED715400D5E2F3 /* Debug */,
				4108953D1CED715400D5E2F3 /* Release */,
			);
			defaultConfigurationIsVisible = 0;
			defaultConfigurationName = Release;
		};
		4108953E1CED715400D5E2F3 /* Build configuration list for PBXNativeTarget "Demo" */ = {
			isa = XCConfigurationList;
			buildConfigurations = (
				4108953F1CED715400D5E2F3 /* Debug */,
				410895401CED715400D5E2F3 /* Release */,
			);
			defaultConfigurationIsVisible = 0;
		};
		410895411CED715400D5E2F3 /* Build configuration list for PBXNativeTarget "DemoTests" */ = {
			isa = XCConfigurationList;
			buildConfigurations = (
				410895421CED715400D5E2F3 /* Debug */,
				410895431CED715400D5E2F3 /* Release */,
			);
			defaultConfigurationIsVisible = 0;
		};
		410895441CED715400D5E2F3 /* Build configuration list for PBXNativeTarget "DemoUITests" */ = {
			isa = XCConfigurationList;
			buildConfigurations = (
				410895451CED715400D5E2F3 /* Debug */,
				410895461CED715400D5E2F3 /* Release */,
			);
			defaultConfigurationIsVisible = 0;
		};
/* End XCConfigurationList section */
	};
	rootObject = 4108950E1CED715400D5E2F3 /* Project object */;
}
